
Microsoft Visual Studio Solution File, Format Version 12.00
# Visual Studio Version 17
VisualStudioVersion = 17.0.31903.59
MinimumVisualStudioVersion = 10.0.40219.1
Project("{9A19103F-16F7-4668-BE54-9A1E7A4F7556}") = "API", "API\API.csproj", "{2DC6FC6C-7409-42BB-BFC6-5B0759E7EBC7}"
EndProject
Project("{9A19103F-16F7-4668-BE54-9A1E7A4F7556}") = "Application", "Application\Application.csproj", "{210A80DB-2840-4BF5-BB02-F3053B0C6564}"
EndProject
Project("{9A19103F-16F7-4668-BE54-9A1E7A4F7556}") = "Domain", "Domain\Domain.csproj", "{43C807CD-A5D7-40A1-94B6-A774CC594A4A}"
EndProject
Project("{9A19103F-16F7-4668-BE54-9A1E7A4F7556}") = "Persistence", "Persistence\Persistence.csproj", "{EEE0215E-0D65-42D8-9504-29A21B551F38}"
EndProject
Global
	GlobalSection(SolutionConfigurationPlatforms) = preSolution
		Debug|Any CPU = Debug|Any CPU
		Release|Any CPU = Release|Any CPU
	EndGlobalSection
	GlobalSection(ProjectConfigurationPlatforms) = postSolution
		{2DC6FC6C-7409-42BB-BFC6-5B0759E7EBC7}.Debug|Any CPU.ActiveCfg = Debug|Any CPU
		{2DC6FC6C-7409-42BB-BFC6-5B0759E7EBC7}.Debug|Any CPU.Build.0 = Debug|Any CPU
		{2DC6FC6C-7409-42BB-BFC6-5B0759E7EBC7}.Release|Any CPU.ActiveCfg = Release|Any CPU
		{2DC6FC6C-7409-42BB-BFC6-5B0759E7EBC7}.Release|Any CPU.Build.0 = Release|Any CPU
		{210A80DB-2840-4BF5-BB02-F3053B0C6564}.Debug|Any CPU.ActiveCfg = Debug|Any CPU
		{210A80DB-2840-4BF5-BB02-F3053B0C6564}.Debug|Any CPU.Build.0 = Debug|Any CPU
		{210A80DB-2840-4BF5-BB02-F3053B0C6564}.Release|Any CPU.ActiveCfg = Release|Any CPU
		{210A80DB-2840-4BF5-BB02-F3053B0C6564}.Release|Any CPU.Build.0 = Release|Any CPU
		{43C807CD-A5D7-40A1-94B6-A774CC594A4A}.Debug|Any CPU.ActiveCfg = Debug|Any CPU
		{43C807CD-A5D7-40A1-94B6-A774CC594A4A}.Debug|Any CPU.Build.0 = Debug|Any CPU
		{43C807CD-A5D7-40A1-94B6-A774CC594A4A}.Release|Any CPU.ActiveCfg = Release|Any CPU
		{43C807CD-A5D7-40A1-94B6-A774CC594A4A}.Release|Any CPU.Build.0 = Release|Any CPU
		{EEE0215E-0D65-42D8-9504-29A21B551F38}.Debug|Any CPU.ActiveCfg = Debug|Any CPU
		{EEE0215E-0D65-42D8-9504-29A21B551F38}.Debug|Any CPU.Build.0 = Debug|Any CPU
		{EEE0215E-0D65-42D8-9504-29A21B551F38}.Release|Any CPU.ActiveCfg = Release|Any CPU
		{EEE0215E-0D65-42D8-9504-29A21B551F38}.Release|Any CPU.Build.0 = Release|Any CPU
	EndGlobalSection
	GlobalSection(SolutionProperties) = preSolution
		HideSolutionNode = FALSE
	EndGlobalSection
	GlobalSection(ExtensibilityGlobals) = postSolution
		SolutionGuid = {63B3BD97-53AB-4FD9-BFFC-4A945B373899}
	EndGlobalSection
EndGlobal
